
Microsoft Visual Studio Solution File, Format Version 12.00
# Visual Studio 15
VisualStudioVersion = 15.0.27703.2000
MinimumVisualStudioVersion = 10.0.40219.1
Project("{FAE04EC0-301F-11D3-BF4B-00C04F79EFBC}") = "PinPass.Android", "PinPass\PinPass.Android\PinPass.Android.csproj", "{B3963C94-BFE1-4289-9C11-A468FBBDD30F}"
EndProject
Project("{FAE04EC0-301F-11D3-BF4B-00C04F79EFBC}") = "PinPass.iOS", "PinPass\PinPass.iOS\PinPass.iOS.csproj", "{F79E1C29-F497-485A-99AB-A08CCEAF1CE7}"
EndProject
Project("{FAE04EC0-301F-11D3-BF4B-00C04F79EFBC}") = "PinPass", "PinPass\PinPass\PinPass.csproj", "{F8B1D3F5-C461-4237-B954-FF1F54BC9404}"
EndProject
Global
	GlobalSection(SolutionConfigurationPlatforms) = preSolution
		Ad-Hoc|Any CPU = Ad-Hoc|Any CPU
		Ad-Hoc|iPhone = Ad-Hoc|iPhone
		Ad-Hoc|iPhoneSimulator = Ad-Hoc|iPhoneSimulator
		AppStore|Any CPU = AppStore|Any CPU
		AppStore|iPhone = AppStore|iPhone
		AppStore|iPhoneSimulator = AppStore|iPhoneSimulator
		Debug|Any CPU = Debug|Any CPU
		Debug|iPhone = Debug|iPhone
		Debug|iPhoneSimulator = Debug|iPhoneSimulator
		Release|Any CPU = Release|Any CPU
		Release|iPhone = Release|iPhone
		Release|iPhoneSimulator = Release|iPhoneSimulator
	EndGlobalSection
	GlobalSection(ProjectConfigurationPlatforms) = postSolution
		{B3963C94-BFE1-4289-9C11-A468FBBDD30F}.Ad-Hoc|Any CPU.ActiveCfg = Release|Any CPU
		{B3963C94-BFE1-4289-9C11-A468FBBDD30F}.Ad-Hoc|Any CPU.Build.0 = Release|Any CPU
		{B3963C94-BFE1-4289-9C11-A468FBBDD30F}.Ad-Hoc|Any CPU.Deploy.0 = Release|Any CPU
		{B3963C94-BFE1-4289-9C11-A468FBBDD30F}.Ad-Hoc|iPhone.ActiveCfg = Release|Any CPU
		{B3963C94-BFE1-4289-9C11-A468FBBDD30F}.Ad-Hoc|iPhone.Build.0 = Release|Any CPU
		{B3963C94-BFE1-4289-9C11-A468FBBDD30F}.Ad-Hoc|iPhone.Deploy.0 = Release|Any CPU
		{B3963C94-BFE1-4289-9C11-A468FBBDD30F}.Ad-Hoc|iPhoneSimulator.ActiveCfg = Release|Any CPU
		{B3963C94-BFE1-4289-9C11-A468FBBDD30F}.Ad-Hoc|iPhoneSimulator.Build.0 = Release|Any CPU
		{B3963C94-BFE1-4289-9C11-A468FBBDD30F}.Ad-Hoc|iPhoneSimulator.Deploy.0 = Release|Any CPU
		{B3963C94-BFE1-4289-9C11-A468FBBDD30F}.AppStore|Any CPU.ActiveCfg = Release|Any CPU
		{B3963C94-BFE1-4289-9C11-A468FBBDD30F}.AppStore|Any CPU.Build.0 = Release|Any CPU
		{B3963C94-BFE1-4289-9C11-A468FBBDD30F}.AppStore|Any CPU.Deploy.0 = Release|Any CPU
		{B3963C94-BFE1-4289-9C11-A468FBBDD30F}.AppStore|iPhone.ActiveCfg = Release|Any CPU
		{B3963C94-BFE1-4289-9C11-A468FBBDD30F}.AppStore|iPhone.Build.0 = Release|Any CPU
		{B3963C94-BFE1-4289-9C11-A468FBBDD30F}.AppStore|iPhone.Deploy.0 = Release|Any CPU
		{B3963C94-BFE1-4289-9C11-A468FBBDD30F}.AppStore|iPhoneSimulator.ActiveCfg = Release|Any CPU
		{B3963C94-BFE1-4289-9C11-A468FBBDD30F}.AppStore|iPhoneSimulator.Build.0 = Release|Any CPU
		{B3963C94-BFE1-4289-9C11-A468FBBDD30F}.AppStore|iPhoneSimulator.Deploy.0 = Release|Any CPU
		{B3963C94-BFE1-4289-9C11-A468FBBDD30F}.Debug|Any CPU.ActiveCfg = Debug|Any CPU
		{B3963C94-BFE1-4289-9C11-A468FBBDD30F}.Debug|Any CPU.Build.0 = Debug|Any CPU
		{B3963C94-BFE1-4289-9C11-A468FBBDD30F}.Debug|Any CPU.Deploy.0 = Debug|Any CPU
		{B3963C94-BFE1-4289-9C11-A468FBBDD30F}.Debug|iPhone.ActiveCfg = Debug|Any CPU
		{B3963C94-BFE1-4289-9C11-A468FBBDD30F}.Debug|iPhone.Build.0 = Debug|Any CPU
		{B3963C94-BFE1-4289-9C11-A468FBBDD30F}.Debug|iPhone.Deploy.0 = Debug|Any CPU
		{B3963C94-BFE1-4289-9C11-A468FBBDD30F}.Debug|iPhoneSimulator.ActiveCfg = Debug|Any CPU
		{B3963C94-BFE1-4289-9C11-A468FBBDD30F}.Debug|iPhoneSimulator.Build.0 = Debug|Any CPU
		{B3963C94-BFE1-4289-9C11-A468FBBDD30F}.Debug|iPhoneSimulator.Deploy.0 = Debug|Any CPU
		{B3963C94-BFE1-4289-9C11-A468FBBDD30F}.Release|Any CPU.ActiveCfg = Release|Any CPU
		{B3963C94-BFE1-4289-9C11-A468FBBDD30F}.Release|Any CPU.Build.0 = Release|Any CPU
		{B3963C94-BFE1-4289-9C11-A468FBBDD30F}.Release|Any CPU.Deploy.0 = Release|Any CPU
		{B3963C94-BFE1-4289-9C11-A468FBBDD30F}.Release|iPhone.ActiveCfg = Release|Any CPU
		{B3963C94-BFE1-4289-9C11-A468FBBDD30F}.Release|iPhone.Build.0 = Release|Any CPU
		{B3963C94-BFE1-4289-9C11-A468FBBDD30F}.Release|iPhone.Deploy.0 = Release|Any CPU
		{B3963C94-BFE1-4289-9C11-A468FBBDD30F}.Release|iPhoneSimulator.ActiveCfg = Release|Any CPU
		{B3963C94-BFE1-4289-9C11-A468FBBDD30F}.Release|iPhoneSimulator.Build.0 = Release|Any CPU
		{B3963C94-BFE1-4289-9C11-A468FBBDD30F}.Release|iPhoneSimulator.Deploy.0 = Release|Any CPU
		{F79E1C29-F497-485A-99AB-A08CCEAF1CE7}.Ad-Hoc|Any CPU.ActiveCfg = Ad-Hoc|iPhone
		{F79E1C29-F497-485A-99AB-A08CCEAF1CE7}.Ad-Hoc|Any CPU.Build.0 = Ad-Hoc|iPhone
		{F79E1C29-F497-485A-99AB-A08CCEAF1CE7}.Ad-Hoc|Any CPU.Deploy.0 = Ad-Hoc|iPhone
		{F79E1C29-F497-485A-99AB-A08CCEAF1CE7}.Ad-Hoc|iPhone.ActiveCfg = Ad-Hoc|iPhone
		{F79E1C29-F497-485A-99AB-A08CCEAF1CE7}.Ad-Hoc|iPhone.Build.0 = Ad-Hoc|iPhone
		{F79E1C29-F497-485A-99AB-A08CCEAF1CE7}.Ad-Hoc|iPhone.Deploy.0 = Ad-Hoc|iPhone
		{F79E1C29-F497-485A-99AB-A08CCEAF1CE7}.Ad-Hoc|iPhoneSimulator.ActiveCfg = Ad-Hoc|iPhoneSimulator
		{F79E1C29-F497-485A-99AB-A08CCEAF1CE7}.Ad-Hoc|iPhoneSimulator.Build.0 = Ad-Hoc|iPhoneSimulator
		{F79E1C29-F497-485A-99AB-A08CCEAF1CE7}.Ad-Hoc|iPhoneSimulator.Deploy.0 = Ad-Hoc|iPhoneSimulator
		{F79E1C29-F497-485A-99AB-A08CCEAF1CE7}.AppStore|Any CPU.ActiveCfg = AppStore|iPhone
		{F79E1C29-F497-485A-99AB-A08CCEAF1CE7}.AppStore|Any CPU.Build.0 = AppStore|iPhone
		{F79E1C29-F497-485A-99AB-A08CCEAF1CE7}.AppStore|Any CPU.Deploy.0 = AppStore|iPhone
		{F79E1C29-F497-485A-99AB-A08CCEAF1CE7}.AppStore|iPhone.ActiveCfg = AppStore|iPhone
		{F79E1C29-F497-485A-99AB-A08CCEAF1CE7}.AppStore|iPhone.Build.0 = AppStore|iPhone
		{F79E1C29-F497-485A-99AB-A08CCEAF1CE7}.AppStore|iPhone.Deploy.0 = AppStore|iPhone
		{F79E1C29-F497-485A-99AB-A08CCEAF1CE7}.AppStore|iPhoneSimulator.ActiveCfg = AppStore|iPhoneSimulator
		{F79E1C29-F497-485A-99AB-A08CCEAF1CE7}.AppStore|iPhoneSimulator.Build.0 = AppStore|iPhoneSimulator
		{F79E1C29-F497-485A-99AB-A08CCEAF1CE7}.AppStore|iPhoneSimulator.Deploy.0 = AppStore|iPhoneSimulator
		{F79E1C29-F497-485A-99AB-A08CCEAF1CE7}.Debug|Any CPU.ActiveCfg = Debug|iPhoneSimulator
		{F79E1C29-F497-485A-99AB-A08CCEAF1CE7}.Debug|Any CPU.Build.0 = Debug|iPhoneSimulator
		{F79E1C29-F497-485A-99AB-A08CCEAF1CE7}.Debug|Any CPU.Deploy.0 = Debug|iPhoneSimulator
		{F79E1C29-F497-485A-99AB-A08CCEAF1CE7}.Debug|iPhone.ActiveCfg = Debug|iPhone
		{F79E1C29-F497-485A-99AB-A08CCEAF1CE7}.Debug|iPhone.Build.0 = Debug|iPhone
		{F79E1C29-F497-485A-99AB-A08CCEAF1CE7}.Debug|iPhone.Deploy.0 = Debug|iPhone
		{F79E1C29-F497-485A-99AB-A08CCEAF1CE7}.Debug|iPhoneSimulator.ActiveCfg = Debug|iPhoneSimulator
		{F79E1C29-F497-485A-99AB-A08CCEAF1CE7}.Debug|iPhoneSimulator.Build.0 = Debug|iPhoneSimulator
		{F79E1C29-F497-485A-99AB-A08CCEAF1CE7}.Debug|iPhoneSimulator.Deploy.0 = Debug|iPhoneSimulator
		{F79E1C29-F497-485A-99AB-A08CCEAF1CE7}.Release|Any CPU.ActiveCfg = Release|iPhone
		{F79E1C29-F497-485A-99AB-A08CCEAF1CE7}.Release|Any CPU.Build.0 = Release|iPhone
		{F79E1C29-F497-485A-99AB-A08CCEAF1CE7}.Release|Any CPU.Deploy.0 = Release|iPhone
		{F79E1C29-F497-485A-99AB-A08CCEAF1CE7}.Release|iPhone.ActiveCfg = Release|iPhone
		{F79E1C29-F497-485A-99AB-A08CCEAF1CE7}.Release|iPhone.Build.0 = Release|iPhone
		{F79E1C29-F497-485A-99AB-A08CCEAF1CE7}.Release|iPhone.Deploy.0 = Release|iPhone
		{F79E1C29-F497-485A-99AB-A08CCEAF1CE7}.Release|iPhoneSimulator.ActiveCfg = Release|iPhoneSimulator
		{F79E1C29-F497-485A-99AB-A08CCEAF1CE7}.Release|iPhoneSimulator.Build.0 = Release|iPhoneSimulator
		{F79E1C29-F497-485A-99AB-A08CCEAF1CE7}.Release|iPhoneSimulator.Deploy.0 = Release|iPhoneSimulator
		{F8B1D3F5-C461-4237-B954-FF1F54BC9404}.Ad-Hoc|Any CPU.ActiveCfg = Debug|Any CPU
		{F8B1D3F5-C461-4237-B954-FF1F54BC9404}.Ad-Hoc|Any CPU.Build.0 = Debug|Any CPU
		{F8B1D3F5-C461-4237-B954-FF1F54BC9404}.Ad-Hoc|Any CPU.Deploy.0 = Debug|Any CPU
		{F8B1D3F5-C461-4237-B954-FF1F54BC9404}.Ad-Hoc|iPhone.ActiveCfg = Debug|Any CPU
		{F8B1D3F5-C461-4237-B954-FF1F54BC9404}.Ad-Hoc|iPhone.Build.0 = Debug|Any CPU
		{F8B1D3F5-C461-4237-B954-FF1F54BC9404}.Ad-Hoc|iPhone.Deploy.0 = Debug|Any CPU
		{F8B1D3F5-C461-4237-B954-FF1F54BC9404}.Ad-Hoc|iPhoneSimulator.ActiveCfg = Debug|Any CPU
		{F8B1D3F5-C461-4237-B954-FF1F54BC9404}.Ad-Hoc|iPhoneSimulator.Build.0 = Debug|Any CPU
		{F8B1D3F5-C461-4237-B954-FF1F54BC9404}.Ad-Hoc|iPhoneSimulator.Deploy.0 = Debug|Any CPU
		{F8B1D3F5-C461-4237-B954-FF1F54BC9404}.AppStore|Any CPU.ActiveCfg = Debug|Any CPU
		{F8B1D3F5-C461-4237-B954-FF1F54BC9404}.AppStore|Any CPU.Build.0 = Debug|Any CPU
		{F8B1D3F5-C461-4237-B954-FF1F54BC9404}.AppStore|Any CPU.Deploy.0 = Debug|Any CPU
		{F8B1D3F5-C461-4237-B954-FF1F54BC9404}.AppStore|iPhone.ActiveCfg = Debug|Any CPU
		{F8B1D3F5-C461-4237-B954-FF1F54BC9404}.AppStore|iPhone.Build.0 = Debug|Any CPU
		{F8B1D3F5-C461-4237-B954-FF1F54BC9404}.AppStore|iPhone.Deploy.0 = Debug|Any CPU
		{F8B1D3F5-C461-4237-B954-FF1F54BC9404}.AppStore|iPhoneSimulator.ActiveCfg = Debug|Any CPU
		{F8B1D3F5-C461-4237-B954-FF1F54BC9404}.AppStore|iPhoneSimulator.Build.0 = Debug|Any CPU
		{F8B1D3F5-C461-4237-B954-FF1F54BC9404}.AppStore|iPhoneSimulator.Deploy.0 = Debug|Any CPU
		{F8B1D3F5-C461-4237-B954-FF1F54BC9404}.Debug|Any CPU.ActiveCfg = Debug|Any CPU
		{F8B1D3F5-C461-4237-B954-FF1F54BC9404}.Debug|Any CPU.Build.0 = Debug|Any CPU
		{F8B1D3F5-C461-4237-B954-FF1F54BC9404}.Debug|Any CPU.Deploy.0 = Debug|Any CPU
		{F8B1D3F5-C461-4237-B954-FF1F54BC9404}.Debug|iPhone.ActiveCfg = Debug|Any CPU
		{F8B1D3F5-C461-4237-B954-FF1F54BC9404}.Debug|iPhone.Build.0 = Debug|Any CPU
		{F8B1D3F5-C461-4237-B954-FF1F54BC9404}.Debug|iPhone.Deploy.0 = Debug|Any CPU
		{F8B1D3F5-C461-4237-B954-FF1F54BC9404}.Debug|iPhoneSimulator.ActiveCfg = Debug|Any CPU
		{F8B1D3F5-C461-4237-B954-FF1F54BC9404}.Debug|iPhoneSimulator.Build.0 = Debug|Any CPU
		{F8B1D3F5-C461-4237-B954-FF1F54BC9404}.Debug|iPhoneSimulator.Deploy.0 = Debug|Any CPU
		{F8B1D3F5-C461-4237-B954-FF1F54BC9404}.Release|Any CPU.ActiveCfg = Release|Any CPU
		{F8B1D3F5-C461-4237-B954-FF1F54BC9404}.Release|Any CPU.Build.0 = Release|Any CPU
		{F8B1D3F5-C461-4237-B954-FF1F54BC9404}.Release|Any CPU.Deploy.0 = Release|Any CPU
		{F8B1D3F5-C461-4237-B954-FF1F54BC9404}.Release|iPhone.ActiveCfg = Release|Any CPU
		{F8B1D3F5-C461-4237-B954-FF1F54BC9404}.Release|iPhone.Build.0 = Release|Any CPU
		{F8B1D3F5-C461-4237-B954-FF1F54BC9404}.Release|iPhone.Deploy.0 = Release|Any CPU
		{F8B1D3F5-C461-4237-B954-FF1F54BC9404}.Release|iPhoneSimulator.ActiveCfg = Release|Any CPU
		{F8B1D3F5-C461-4237-B954-FF1F54BC9404}.Release|iPhoneSimulator.Build.0 = Release|Any CPU
		{F8B1D3F5-C461-4237-B954-FF1F54BC9404}.Release|iPhoneSimulator.Deploy.0 = Release|Any CPU
	EndGlobalSection
	GlobalSection(SolutionProperties) = preSolution
		HideSolutionNode = FALSE
	EndGlobalSection
	GlobalSection(ExtensibilityGlobals) = postSolution
		SolutionGuid = {9AA4C130-D128-4A55-B69D-065B196D99EA}
	EndGlobalSection
EndGlobal
